// !$*UTF8*$!
{
	archiveVersion = 1;
	classes = {
	};
	objectVersion = 51;
	objects = {

/* Begin PBXBuildFile section */
		084906CDFC1F636C28D6635C /* Pods_YiWuShuang.framework in Frameworks */ = {isa = PBXBuildFile; fileRef = 35C1F7CBFA98556F05A1B3D5 /* Pods_YiWuShuang.framework */; };
		631BCBD0244C88B700D4ABAC /* BaseNavigationController.m in Sources */ = {isa = PBXBuildFile; fileRef = 631BCBCF244C88B700D4ABAC /* BaseNavigationController.m */; };
		631BCBD3244C8C8500D4ABAC /* BaseTabBarController.m in Sources */ = {isa = PBXBuildFile; fileRef = 631BCBD2244C8C8500D4ABAC /* BaseTabBarController.m */; };
		631BCBD6244C8CC100D4ABAC /* ClassViewController.m in Sources */ = {isa = PBXBuildFile; fileRef = 631BCBD5244C8CC100D4ABAC /* ClassViewController.m */; };
		631BCBD9244C8CD100D4ABAC /* MineViewController.m in Sources */ = {isa = PBXBuildFile; fileRef = 631BCBD8244C8CD100D4ABAC /* MineViewController.m */; };
		631BCBDD244C972100D4ABAC /* HomeTopView.m in Sources */ = {isa = PBXBuildFile; fileRef = 631BCBDC244C972100D4ABAC /* HomeTopView.m */; };
		631BCBE2244CA9F200D4ABAC /* PersonCellTableViewCell.m in Sources */ = {isa = PBXBuildFile; fileRef = 631BCBE1244CA9F200D4ABAC /* PersonCellTableViewCell.m */; };
		6367A128245096C200F20404 /* TeamPickView.m in Sources */ = {isa = PBXBuildFile; fileRef = 6367A127245096C200F20404 /* TeamPickView.m */; };
		6367A12E2454112A00F20404 /* EmptyView.m in Sources */ = {isa = PBXBuildFile; fileRef = 6367A12D2454112A00F20404 /* EmptyView.m */; };
		6367A1302454113A00F20404 /* EmptyView.xib in Resources */ = {isa = PBXBuildFile; fileRef = 6367A12F2454113A00F20404 /* EmptyView.xib */; };
		6367A13824541F6900F20404 /* PersonHeaderView.m in Sources */ = {isa = PBXBuildFile; fileRef = 6367A13724541F6900F20404 /* PersonHeaderView.m */; };
		6367A13A24541F8400F20404 /* PersonHeaderView.xib in Resources */ = {isa = PBXBuildFile; fileRef = 6367A13924541F8400F20404 /* PersonHeaderView.xib */; };
		6367A13E2454478F00F20404 /* PersonModel.m in Sources */ = {isa = PBXBuildFile; fileRef = 6367A13D2454478F00F20404 /* PersonModel.m */; };
		6367A1412454493D00F20404 /* TeamModel.m in Sources */ = {isa = PBXBuildFile; fileRef = 6367A1402454493D00F20404 /* TeamModel.m */; };
		6367A14724544FCE00F20404 /* TeamCell.m in Sources */ = {isa = PBXBuildFile; fileRef = 6367A14524544FCE00F20404 /* TeamCell.m */; };
		6367A14824544FCE00F20404 /* TeamCell.xib in Resources */ = {isa = PBXBuildFile; fileRef = 6367A14624544FCE00F20404 /* TeamCell.xib */; };
		6367A14B24546D8600F20404 /* TeamViewController.m in Sources */ = {isa = PBXBuildFile; fileRef = 6367A14A24546D8600F20404 /* TeamViewController.m */; };
		6367A14E24547FDF00F20404 /* AddPersonViewController.m in Sources */ = {isa = PBXBuildFile; fileRef = 6367A14D24547FDF00F20404 /* AddPersonViewController.m */; };
		63BE22BA242BCB0E0066A316 /* AppDelegate.m in Sources */ = {isa = PBXBuildFile; fileRef = 63BE22B9242BCB0E0066A316 /* AppDelegate.m */; };
		63BE22C0242BCB0E0066A316 /* HomeViewController.m in Sources */ = {isa = PBXBuildFile; fileRef = 63BE22BF242BCB0E0066A316 /* HomeViewController.m */; };
		63BE22C3242BCB0E0066A316 /* Main.storyboard in Resources */ = {isa = PBXBuildFile; fileRef = 63BE22C1242BCB0E0066A316 /* Main.storyboard */; };
		63BE22C5242BCB100066A316 /* Assets.xcassets in Resources */ = {isa = PBXBuildFile; fileRef = 63BE22C4242BCB100066A316 /* Assets.xcassets */; };
		63BE22C8242BCB100066A316 /* LaunchScreen.storyboard in Resources */ = {isa = PBXBuildFile; fileRef = 63BE22C6242BCB100066A316 /* LaunchScreen.storyboard */; };
		63BE22CB242BCB100066A316 /* main.m in Sources */ = {isa = PBXBuildFile; fileRef = 63BE22CA242BCB100066A316 /* main.m */; };
		63BE22D5242BCB100066A316 /* YiWuShuangTests.m in Sources */ = {isa = PBXBuildFile; fileRef = 63BE22D4242BCB100066A316 /* YiWuShuangTests.m */; };
		63BE22E0242BCB110066A316 /* YiWuShuangUITests.m in Sources */ = {isa = PBXBuildFile; fileRef = 63BE22DF242BCB110066A316 /* YiWuShuangUITests.m */; };
		63BE22F5242CF95F0066A316 /* User.m in Sources */ = {isa = PBXBuildFile; fileRef = 63BE22F4242CF95F0066A316 /* User.m */; };
		63BE22F8242CFB2D0066A316 /* LoginViewController.m in Sources */ = {isa = PBXBuildFile; fileRef = 63BE22F7242CFB2D0066A316 /* LoginViewController.m */; };
		63CEB14F242D03C000FB2146 /* Login.storyboard in Resources */ = {isa = PBXBuildFile; fileRef = 63CEB14E242D03C000FB2146 /* Login.storyboard */; };
		63CEB15C2438D37500FB2146 /* ApiManager.m in Sources */ = {isa = PBXBuildFile; fileRef = 63CEB15B2438D37500FB2146 /* ApiManager.m */; };
		63CEB1602438DD5F00FB2146 /* BaseModel.m in Sources */ = {isa = PBXBuildFile; fileRef = 63CEB15F2438DD5F00FB2146 /* BaseModel.m */; };
		63CEB163243B7FB900FB2146 /* ChooseOrizViewController.m in Sources */ = {isa = PBXBuildFile; fileRef = 63CEB162243B7FB900FB2146 /* ChooseOrizViewController.m */; };
		63CEB166243B88FE00FB2146 /* MBProgressHUD+helper.m in Sources */ = {isa = PBXBuildFile; fileRef = 63CEB165243B88FE00FB2146 /* MBProgressHUD+helper.m */; };
		63CEB169243B8B9B00FB2146 /* UserSession.m in Sources */ = {isa = PBXBuildFile; fileRef = 63CEB168243B8B9B00FB2146 /* UserSession.m */; };
		63CEB1A424432D9000FB2146 /* NSDictionary+Addition.m in Sources */ = {isa = PBXBuildFile; fileRef = 63CEB16D24432D8600FB2146 /* NSDictionary+Addition.m */; };
		63CEB1A524432D9000FB2146 /* NSArray+Addition.m in Sources */ = {isa = PBXBuildFile; fileRef = 63CEB16E24432D8600FB2146 /* NSArray+Addition.m */; };
		63CEB1A824432D9000FB2146 /* UITableViewCell+Addition.m in Sources */ = {isa = PBXBuildFile; fileRef = 63CEB17624432D8800FB2146 /* UITableViewCell+Addition.m */; };
		63CEB1AA24432D9000FB2146 /* wwanconnect.c in Sources */ = {isa = PBXBuildFile; fileRef = 63CEB17A24432D8900FB2146 /* wwanconnect.c */; };
		63CEB1AB24432D9000FB2146 /* NSObject+YKRuntime.m in Sources */ = {isa = PBXBuildFile; fileRef = 63CEB17B24432D8900FB2146 /* NSObject+YKRuntime.m */; };
		63CEB1AC24432D9000FB2146 /* NSDateFormatter+Addition.m in Sources */ = {isa = PBXBuildFile; fileRef = 63CEB18124432D8A00FB2146 /* NSDateFormatter+Addition.m */; };
		63CEB1AE24432D9000FB2146 /* UIViewController+Addition.m in Sources */ = {isa = PBXBuildFile; fileRef = 63CEB18424432D8B00FB2146 /* UIViewController+Addition.m */; };
		63CEB1AF24432D9000FB2146 /* UIColor+Addition.m in Sources */ = {isa = PBXBuildFile; fileRef = 63CEB18724432D8B00FB2146 /* UIColor+Addition.m */; };
		63CEB1B224432D9000FB2146 /* NSNumber+Addition.m in Sources */ = {isa = PBXBuildFile; fileRef = 63CEB18D24432D8D00FB2146 /* NSNumber+Addition.m */; };
		63CEB1B724432D9000FB2146 /* NSDate+CalculateDay.m in Sources */ = {isa = PBXBuildFile; fileRef = 63CEB19524432D8E00FB2146 /* NSDate+CalculateDay.m */; };
		63CEB1B824432D9000FB2146 /* UIAlertView+Addition.m in Sources */ = {isa = PBXBuildFile; fileRef = 63CEB19724432D8E00FB2146 /* UIAlertView+Addition.m */; };
		63CEB1BA24432D9000FB2146 /* CALayer+Addition.m in Sources */ = {isa = PBXBuildFile; fileRef = 63CEB19A24432D8F00FB2146 /* CALayer+Addition.m */; };
		63CEB1BB24432D9000FB2146 /* UIScreen+Addition.m in Sources */ = {isa = PBXBuildFile; fileRef = 63CEB19B24432D8F00FB2146 /* UIScreen+Addition.m */; };
		63CEB1BC24432D9000FB2146 /* UITabBarItem+Addition.m in Sources */ = {isa = PBXBuildFile; fileRef = 63CEB19D24432D8F00FB2146 /* UITabBarItem+Addition.m */; };
		63CEB1BF24432D9000FB2146 /* NSObject+Addition.m in Sources */ = {isa = PBXBuildFile; fileRef = 63CEB1A324432D9000FB2146 /* NSObject+Addition.m */; };
		63CEB1C224432D9C00FB2146 /* UIView+DYKIOS.m in Sources */ = {isa = PBXBuildFile; fileRef = 63CEB1C124432D9C00FB2146 /* UIView+DYKIOS.m */; };
		63CEB1C52443343300FB2146 /* CreateOrizViewController.m in Sources */ = {isa = PBXBuildFile; fileRef = 63CEB1C42443343300FB2146 /* CreateOrizViewController.m */; };
		63CEB1C82443344500FB2146 /* JoinOrizViewController.m in Sources */ = {isa = PBXBuildFile; fileRef = 63CEB1C72443344500FB2146 /* JoinOrizViewController.m */; };
		63CEB1CC24433F4B00FB2146 /* CommonCellModel.m in Sources */ = {isa = PBXBuildFile; fileRef = 63CEB1CB24433F4B00FB2146 /* CommonCellModel.m */; };
		63CEB1D024434DBF00FB2146 /* CommonCell.m in Sources */ = {isa = PBXBuildFile; fileRef = 63CEB1CF24434DBF00FB2146 /* CommonCell.m */; };
/* End PBXBuildFile section */

/* Begin PBXContainerItemProxy section */
		63BE22D1242BCB100066A316 /* PBXContainerItemProxy */ = {
			isa = PBXContainerItemProxy;
			containerPortal = 63BE22AD242BCB0E0066A316 /* Project object */;
			proxyType = 1;
			remoteGlobalIDString = 63BE22B4242BCB0E0066A316;
			remoteInfo = YiWuShuang;
		};
		63BE22DC242BCB110066A316 /* PBXContainerItemProxy */ = {
			isa = PBXContainerItemProxy;
			containerPortal = 63BE22AD242BCB0E0066A316 /* Project object */;
			proxyType = 1;
			remoteGlobalIDString = 63BE22B4242BCB0E0066A316;
			remoteInfo = YiWuShuang;
		};
/* End PBXContainerItemProxy section */

/* Begin PBXFileReference section */
		35C1F7CBFA98556F05A1B3D5 /* Pods_YiWuShuang.framework */ = {isa = PBXFileReference; explicitFileType = wrapper.framework; includeInIndex = 0; path = Pods_YiWuShuang.framework; sourceTree = BUILT_PRODUCTS_DIR; };
		631BCBCE244C88B700D4ABAC /* BaseNavigationController.h */ = {isa = PBXFileReference; lastKnownFileType = sourcecode.c.h; path = BaseNavigationController.h; sourceTree = "<group>"; };
		631BCBCF244C88B700D4ABAC /* BaseNavigationController.m */ = {isa = PBXFileReference; lastKnownFileType = sourcecode.c.objc; path = BaseNavigationController.m; sourceTree = "<group>"; };
		631BCBD1244C8C8500D4ABAC /* BaseTabBarController.h */ = {isa = PBXFileReference; lastKnownFileType = sourcecode.c.h; path = BaseTabBarController.h; sourceTree = "<group>"; };
		631BCBD2244C8C8500D4ABAC /* BaseTabBarController.m */ = {isa = PBXFileReference; lastKnownFileType = sourcecode.c.objc; path = BaseTabBarController.m; sourceTree = "<group>"; };
		631BCBD4244C8CC100D4ABAC /* ClassViewController.h */ = {isa = PBXFileReference; lastKnownFileType = sourcecode.c.h; path = ClassViewController.h; sourceTree = "<group>"; };
		631BCBD5244C8CC100D4ABAC /* ClassViewController.m */ = {isa = PBXFileReference; lastKnownFileType = sourcecode.c.objc; path = ClassViewController.m; sourceTree = "<group>"; };
		631BCBD7244C8CD100D4ABAC /* MineViewController.h */ = {isa = PBXFileReference; lastKnownFileType = sourcecode.c.h; path = MineViewController.h; sourceTree = "<group>"; };
		631BCBD8244C8CD100D4ABAC /* MineViewController.m */ = {isa = PBXFileReference; lastKnownFileType = sourcecode.c.objc; path = MineViewController.m; sourceTree = "<group>"; };
		631BCBDB244C972100D4ABAC /* HomeTopView.h */ = {isa = PBXFileReference; lastKnownFileType = sourcecode.c.h; path = HomeTopView.h; sourceTree = "<group>"; };
		631BCBDC244C972100D4ABAC /* HomeTopView.m */ = {isa = PBXFileReference; lastKnownFileType = sourcecode.c.objc; path = HomeTopView.m; sourceTree = "<group>"; };
		631BCBE0244CA9F200D4ABAC /* PersonCellTableViewCell.h */ = {isa = PBXFileReference; lastKnownFileType = sourcecode.c.h; path = PersonCellTableViewCell.h; sourceTree = "<group>"; };
		631BCBE1244CA9F200D4ABAC /* PersonCellTableViewCell.m */ = {isa = PBXFileReference; lastKnownFileType = sourcecode.c.objc; path = PersonCellTableViewCell.m; sourceTree = "<group>"; };
		6367A126245096C200F20404 /* TeamPickView.h */ = {isa = PBXFileReference; lastKnownFileType = sourcecode.c.h; path = TeamPickView.h; sourceTree = "<group>"; };
		6367A127245096C200F20404 /* TeamPickView.m */ = {isa = PBXFileReference; lastKnownFileType = sourcecode.c.objc; path = TeamPickView.m; sourceTree = "<group>"; };
		6367A12C2454112A00F20404 /* EmptyView.h */ = {isa = PBXFileReference; lastKnownFileType = sourcecode.c.h; path = EmptyView.h; sourceTree = "<group>"; };
		6367A12D2454112A00F20404 /* EmptyView.m */ = {isa = PBXFileReference; lastKnownFileType = sourcecode.c.objc; path = EmptyView.m; sourceTree = "<group>"; };
		6367A12F2454113A00F20404 /* EmptyView.xib */ = {isa = PBXFileReference; lastKnownFileType = file.xib; path = EmptyView.xib; sourceTree = "<group>"; };
		6367A13624541F6900F20404 /* PersonHeaderView.h */ = {isa = PBXFileReference; lastKnownFileType = sourcecode.c.h; path = PersonHeaderView.h; sourceTree = "<group>"; };
		6367A13724541F6900F20404 /* PersonHeaderView.m */ = {isa = PBXFileReference; lastKnownFileType = sourcecode.c.objc; path = PersonHeaderView.m; sourceTree = "<group>"; };
		6367A13924541F8400F20404 /* PersonHeaderView.xib */ = {isa = PBXFileReference; lastKnownFileType = file.xib; path = PersonHeaderView.xib; sourceTree = "<group>"; };
		6367A13C2454478F00F20404 /* PersonModel.h */ = {isa = PBXFileReference; lastKnownFileType = sourcecode.c.h; path = PersonModel.h; sourceTree = "<group>"; };
		6367A13D2454478F00F20404 /* PersonModel.m */ = {isa = PBXFileReference; lastKnownFileType = sourcecode.c.objc; path = PersonModel.m; sourceTree = "<group>"; };
		6367A13F2454493D00F20404 /* TeamModel.h */ = {isa = PBXFileReference; lastKnownFileType = sourcecode.c.h; path = TeamModel.h; sourceTree = "<group>"; };
		6367A1402454493D00F20404 /* TeamModel.m */ = {isa = PBXFileReference; lastKnownFileType = sourcecode.c.objc; path = TeamModel.m; sourceTree = "<group>"; };
		6367A14424544FCE00F20404 /* TeamCell.h */ = {isa = PBXFileReference; lastKnownFileType = sourcecode.c.h; path = TeamCell.h; sourceTree = "<group>"; };
		6367A14524544FCE00F20404 /* TeamCell.m */ = {isa = PBXFileReference; lastKnownFileType = sourcecode.c.objc; path = TeamCell.m; sourceTree = "<group>"; };
		6367A14624544FCE00F20404 /* TeamCell.xib */ = {isa = PBXFileReference; lastKnownFileType = file.xib; path = TeamCell.xib; sourceTree = "<group>"; };
		6367A14924546D8600F20404 /* TeamViewController.h */ = {isa = PBXFileReference; lastKnownFileType = sourcecode.c.h; path = TeamViewController.h; sourceTree = "<group>"; };
		6367A14A24546D8600F20404 /* TeamViewController.m */ = {isa = PBXFileReference; lastKnownFileType = sourcecode.c.objc; path = TeamViewController.m; sourceTree = "<group>"; };
		6367A14C24547FDF00F20404 /* AddPersonViewController.h */ = {isa = PBXFileReference; lastKnownFileType = sourcecode.c.h; path = AddPersonViewController.h; sourceTree = "<group>"; };
		6367A14D24547FDF00F20404 /* AddPersonViewController.m */ = {isa = PBXFileReference; lastKnownFileType = sourcecode.c.objc; path = AddPersonViewController.m; sourceTree = "<group>"; };
		63BE22B5242BCB0E0066A316 /* YiWuShuang.app */ = {isa = PBXFileReference; explicitFileType = wrapper.application; includeInIndex = 0; path = YiWuShuang.app; sourceTree = BUILT_PRODUCTS_DIR; };
		63BE22B8242BCB0E0066A316 /* AppDelegate.h */ = {isa = PBXFileReference; lastKnownFileType = sourcecode.c.h; path = AppDelegate.h; sourceTree = "<group>"; };
		63BE22B9242BCB0E0066A316 /* AppDelegate.m */ = {isa = PBXFileReference; lastKnownFileType = sourcecode.c.objc; path = AppDelegate.m; sourceTree = "<group>"; };
		63BE22BE242BCB0E0066A316 /* HomeViewController.h */ = {isa = PBXFileReference; lastKnownFileType = sourcecode.c.h; path = HomeViewController.h; sourceTree = "<group>"; };
		63BE22BF242BCB0E0066A316 /* HomeViewController.m */ = {isa = PBXFileReference; lastKnownFileType = sourcecode.c.objc; path = HomeViewController.m; sourceTree = "<group>"; };
		63BE22C2242BCB0E0066A316 /* Base */ = {isa = PBXFileReference; lastKnownFileType = file.storyboard; name = Base; path = Base.lproj/Main.storyboard; sourceTree = "<group>"; };
		63BE22C4242BCB100066A316 /* Assets.xcassets */ = {isa = PBXFileReference; lastKnownFileType = folder.assetcatalog; path = Assets.xcassets; sourceTree = "<group>"; };
		63BE22C7242BCB100066A316 /* Base */ = {isa = PBXFileReference; lastKnownFileType = file.storyboard; name = Base; path = Base.lproj/LaunchScreen.storyboard; sourceTree = "<group>"; };
		63BE22C9242BCB100066A316 /* Info.plist */ = {isa = PBXFileReference; lastKnownFileType = text.plist.xml; path = Info.plist; sourceTree = "<group>"; };
		63BE22CA242BCB100066A316 /* main.m */ = {isa = PBXFileReference; lastKnownFileType = sourcecode.c.objc; path = main.m; sourceTree = "<group>"; };
		63BE22D0242BCB100066A316 /* YiWuShuangTests.xctest */ = {isa = PBXFileReference; explicitFileType = wrapper.cfbundle; includeInIndex = 0; path = YiWuShuangTests.xctest; sourceTree = BUILT_PRODUCTS_DIR; };
		63BE22D4242BCB100066A316 /* YiWuShuangTests.m */ = {isa = PBXFileReference; lastKnownFileType = sourcecode.c.objc; path = YiWuShuangTests.m; sourceTree = "<group>"; };
		63BE22D6242BCB100066A316 /* Info.plist */ = {isa = PBXFileReference; lastKnownFileType = text.plist.xml; path = Info.plist; sourceTree = "<group>"; };
		63BE22DB242BCB110066A316 /* YiWuShuangUITests.xctest */ = {isa = PBXFileReference; explicitFileType = wrapper.cfbundle; includeInIndex = 0; path = YiWuShuangUITests.xctest; sourceTree = BUILT_PRODUCTS_DIR; };
		63BE22DF242BCB110066A316 /* YiWuShuangUITests.m */ = {isa = PBXFileReference; lastKnownFileType = sourcecode.c.objc; path = YiWuShuangUITests.m; sourceTree = "<group>"; };
		63BE22E1242BCB110066A316 /* Info.plist */ = {isa = PBXFileReference; lastKnownFileType = text.plist.xml; path = Info.plist; sourceTree = "<group>"; };
		63BE22F1242CF68C0066A316 /* PrefixHeader.pch */ = {isa = PBXFileReference; lastKnownFileType = sourcecode.c.h; path = PrefixHeader.pch; sourceTree = "<group>"; };
		63BE22F3242CF95F0066A316 /* User.h */ = {isa = PBXFileReference; lastKnownFileType = sourcecode.c.h; path = User.h; sourceTree = "<group>"; };
		63BE22F4242CF95F0066A316 /* User.m */ = {isa = PBXFileReference; lastKnownFileType = sourcecode.c.objc; path = User.m; sourceTree = "<group>"; };
		63BE22F6242CFB2D0066A316 /* LoginViewController.h */ = {isa = PBXFileReference; lastKnownFileType = sourcecode.c.h; path = LoginViewController.h; sourceTree = "<group>"; };
		63BE22F7242CFB2D0066A316 /* LoginViewController.m */ = {isa = PBXFileReference; lastKnownFileType = sourcecode.c.objc; path = LoginViewController.m; sourceTree = "<group>"; };
		63CEB14E242D03C000FB2146 /* Login.storyboard */ = {isa = PBXFileReference; lastKnownFileType = file.storyboard; path = Login.storyboard; sourceTree = "<group>"; };
		63CEB15A2438D37500FB2146 /* ApiManager.h */ = {isa = PBXFileReference; lastKnownFileType = sourcecode.c.h; path = ApiManager.h; sourceTree = "<group>"; };
		63CEB15B2438D37500FB2146 /* ApiManager.m */ = {isa = PBXFileReference; lastKnownFileType = sourcecode.c.objc; path = ApiManager.m; sourceTree = "<group>"; };
		63CEB15E2438DD5F00FB2146 /* BaseModel.h */ = {isa = PBXFileReference; lastKnownFileType = sourcecode.c.h; path = BaseModel.h; sourceTree = "<group>"; };
		63CEB15F2438DD5F00FB2146 /* BaseModel.m */ = {isa = PBXFileReference; lastKnownFileType = sourcecode.c.objc; path = BaseModel.m; sourceTree = "<group>"; };
		63CEB161243B7FB900FB2146 /* ChooseOrizViewController.h */ = {isa = PBXFileReference; lastKnownFileType = sourcecode.c.h; path = ChooseOrizViewController.h; sourceTree = "<group>"; };
		63CEB162243B7FB900FB2146 /* ChooseOrizViewController.m */ = {isa = PBXFileReference; lastKnownFileType = sourcecode.c.objc; path = ChooseOrizViewController.m; sourceTree = "<group>"; };
		63CEB164243B88FE00FB2146 /* MBProgressHUD+helper.h */ = {isa = PBXFileReference; lastKnownFileType = sourcecode.c.h; path = "MBProgressHUD+helper.h"; sourceTree = "<group>"; };
		63CEB165243B88FE00FB2146 /* MBProgressHUD+helper.m */ = {isa = PBXFileReference; lastKnownFileType = sourcecode.c.objc; path = "MBProgressHUD+helper.m"; sourceTree = "<group>"; };
		63CEB167243B8B9B00FB2146 /* UserSession.h */ = {isa = PBXFileReference; lastKnownFileType = sourcecode.c.h; path = UserSession.h; sourceTree = "<group>"; };
		63CEB168243B8B9B00FB2146 /* UserSession.m */ = {isa = PBXFileReference; lastKnownFileType = sourcecode.c.objc; path = UserSession.m; sourceTree = "<group>"; };
		63CEB16D24432D8600FB2146 /* NSDictionary+Addition.m */ = {isa = PBXFileReference; fileEncoding = 4; lastKnownFileType = sourcecode.c.objc; path = "NSDictionary+Addition.m"; sourceTree = "<group>"; };
		63CEB16E24432D8600FB2146 /* NSArray+Addition.m */ = {isa = PBXFileReference; fileEncoding = 4; lastKnownFileType = sourcecode.c.objc; path = "NSArray+Addition.m"; sourceTree = "<group>"; };
		63CEB16F24432D8600FB2146 /* NSObject+Addition.h */ = {isa = PBXFileReference; fileEncoding = 4; lastKnownFileType = sourcecode.c.h; path = "NSObject+Addition.h"; sourceTree = "<group>"; };
		63CEB17124432D8700FB2146 /* NSDateFormatter+Addition.h */ = {isa = PBXFileReference; fileEncoding = 4; lastKnownFileType = sourcecode.c.h; path = "NSDateFormatter+Addition.h"; sourceTree = "<group>"; };
		63CEB17524432D8800FB2146 /* UIColor+Addition.h */ = {isa = PBXFileReference; fileEncoding = 4; lastKnownFileType = sourcecode.c.h; path = "UIColor+Addition.h"; sourceTree = "<group>"; };
		63CEB17624432D8800FB2146 /* UITableViewCell+Addition.m */ = {isa = PBXFileReference; fileEncoding = 4; lastKnownFileType = sourcecode.c.objc; path = "UITableViewCell+Addition.m"; sourceTree = "<group>"; };
		63CEB17924432D8900FB2146 /* NSArray+Addition.h */ = {isa = PBXFileReference; fileEncoding = 4; lastKnownFileType = sourcecode.c.h; path = "NSArray+Addition.h"; sourceTree = "<group>"; };
		63CEB17A24432D8900FB2146 /* wwanconnect.c */ = {isa = PBXFileReference; fileEncoding = 4; lastKnownFileType = sourcecode.c.c; path = wwanconnect.c; sourceTree = "<group>"; };
		63CEB17B24432D8900FB2146 /* NSObject+YKRuntime.m */ = {isa = PBXFileReference; fileEncoding = 4; lastKnownFileType = sourcecode.c.objc; path = "NSObject+YKRuntime.m"; sourceTree = "<group>"; };
		63CEB17C24432D8900FB2146 /* UITableViewCell+Addition.h */ = {isa = PBXFileReference; fileEncoding = 4; lastKnownFileType = sourcecode.c.h; path = "UITableViewCell+Addition.h"; sourceTree = "<group>"; };
		63CEB17F24432D8A00FB2146 /* UIAlertView+Addition.h */ = {isa = PBXFileReference; fileEncoding = 4; lastKnownFileType = sourcecode.c.h; path = "UIAlertView+Addition.h"; sourceTree = "<group>"; };
		63CEB18024432D8A00FB2146 /* wwanconnect.h */ = {isa = PBXFileReference; fileEncoding = 4; lastKnownFileType = sourcecode.c.h; path = wwanconnect.h; sourceTree = "<group>"; };
		63CEB18124432D8A00FB2146 /* NSDateFormatter+Addition.m */ = {isa = PBXFileReference; fileEncoding = 4; lastKnownFileType = sourcecode.c.objc; path = "NSDateFormatter+Addition.m"; sourceTree = "<group>"; };
		63CEB18324432D8B00FB2146 /* UIViewController+Addition.h */ = {isa = PBXFileReference; fileEncoding = 4; lastKnownFileType = sourcecode.c.h; path = "UIViewController+Addition.h"; sourceTree = "<group>"; };
		63CEB18424432D8B00FB2146 /* UIViewController+Addition.m */ = {isa = PBXFileReference; fileEncoding = 4; lastKnownFileType = sourcecode.c.objc; path = "UIViewController+Addition.m"; sourceTree = "<group>"; };
		63CEB18524432D8B00FB2146 /* NSDate+CalculateDay.h */ = {isa = PBXFileReference; fileEncoding = 4; lastKnownFileType = sourcecode.c.h; path = "NSDate+CalculateDay.h"; sourceTree = "<group>"; };
		63CEB18724432D8B00FB2146 /* UIColor+Addition.m */ = {isa = PBXFileReference; fileEncoding = 4; lastKnownFileType = sourcecode.c.objc; path = "UIColor+Addition.m"; sourceTree = "<group>"; };
		63CEB18B24432D8C00FB2146 /* UITabBarItem+Addition.h */ = {isa = PBXFileReference; fileEncoding = 4; lastKnownFileType = sourcecode.c.h; path = "UITabBarItem+Addition.h"; sourceTree = "<group>"; };
		63CEB18D24432D8D00FB2146 /* NSNumber+Addition.m */ = {isa = PBXFileReference; fileEncoding = 4; lastKnownFileType = sourcecode.c.objc; path = "NSNumber+Addition.m"; sourceTree = "<group>"; };
		63CEB18E24432D8D00FB2146 /* NSNumber+Addition.h */ = {isa = PBXFileReference; fileEncoding = 4; lastKnownFileType = sourcecode.c.h; path = "NSNumber+Addition.h"; sourceTree = "<group>"; };
		63CEB19524432D8E00FB2146 /* NSDate+CalculateDay.m */ = {isa = PBXFileReference; fileEncoding = 4; lastKnownFileType = sourcecode.c.objc; path = "NSDate+CalculateDay.m"; sourceTree = "<group>"; };
		63CEB19624432D8E00FB2146 /* UIScreen+Addition.h */ = {isa = PBXFileReference; fileEncoding = 4; lastKnownFileType = sourcecode.c.h; path = "UIScreen+Addition.h"; sourceTree = "<group>"; };
		63CEB19724432D8E00FB2146 /* UIAlertView+Addition.m */ = {isa = PBXFileReference; fileEncoding = 4; lastKnownFileType = sourcecode.c.objc; path = "UIAlertView+Addition.m"; sourceTree = "<group>"; };
		63CEB19A24432D8F00FB2146 /* CALayer+Addition.m */ = {isa = PBXFileReference; fileEncoding = 4; lastKnownFileType = sourcecode.c.objc; path = "CALayer+Addition.m"; sourceTree = "<group>"; };
		63CEB19B24432D8F00FB2146 /* UIScreen+Addition.m */ = {isa = PBXFileReference; fileEncoding = 4; lastKnownFileType = sourcecode.c.objc; path = "UIScreen+Addition.m"; sourceTree = "<group>"; };
		63CEB19C24432D8F00FB2146 /* CALayer+Addition.h */ = {isa = PBXFileReference; fileEncoding = 4; lastKnownFileType = sourcecode.c.h; path = "CALayer+Addition.h"; sourceTree = "<group>"; };
		63CEB19D24432D8F00FB2146 /* UITabBarItem+Addition.m */ = {isa = PBXFileReference; fileEncoding = 4; lastKnownFileType = sourcecode.c.objc; path = "UITabBarItem+Addition.m"; sourceTree = "<group>"; };
		63CEB19F24432D9000FB2146 /* NSDictionary+Addition.h */ = {isa = PBXFileReference; fileEncoding = 4; lastKnownFileType = sourcecode.c.h; path = "NSDictionary+Addition.h"; sourceTree = "<group>"; };
		63CEB1A024432D9000FB2146 /* NSObject+YKRuntime.h */ = {isa = PBXFileReference; fileEncoding = 4; lastKnownFileType = sourcecode.c.h; path = "NSObject+YKRuntime.h"; sourceTree = "<group>"; };
		63CEB1A224432D9000FB2146 /* YKAddition.h */ = {isa = PBXFileReference; fileEncoding = 4; lastKnownFileType = sourcecode.c.h; path = YKAddition.h; sourceTree = "<group>"; };
		63CEB1A324432D9000FB2146 /* NSObject+Addition.m */ = {isa = PBXFileReference; fileEncoding = 4; lastKnownFileType = sourcecode.c.objc; path = "NSObject+Addition.m"; sourceTree = "<group>"; };
		63CEB1C024432D9C00FB2146 /* UIView+DYKIOS.h */ = {isa = PBXFileReference; fileEncoding = 4; lastKnownFileType = sourcecode.c.h; path = "UIView+DYKIOS.h"; sourceTree = "<group>"; };
		63CEB1C124432D9C00FB2146 /* UIView+DYKIOS.m */ = {isa = PBXFileReference; fileEncoding = 4; lastKnownFileType = sourcecode.c.objc; path = "UIView+DYKIOS.m"; sourceTree = "<group>"; };
		63CEB1C32443343300FB2146 /* CreateOrizViewController.h */ = {isa = PBXFileReference; lastKnownFileType = sourcecode.c.h; path = CreateOrizViewController.h; sourceTree = "<group>"; };
		63CEB1C42443343300FB2146 /* CreateOrizViewController.m */ = {isa = PBXFileReference; lastKnownFileType = sourcecode.c.objc; path = CreateOrizViewController.m; sourceTree = "<group>"; };
		63CEB1C62443344500FB2146 /* JoinOrizViewController.h */ = {isa = PBXFileReference; lastKnownFileType = sourcecode.c.h; path = JoinOrizViewController.h; sourceTree = "<group>"; };
		63CEB1C72443344500FB2146 /* JoinOrizViewController.m */ = {isa = PBXFileReference; lastKnownFileType = sourcecode.c.objc; path = JoinOrizViewController.m; sourceTree = "<group>"; };
		63CEB1CA24433F4B00FB2146 /* CommonCellModel.h */ = {isa = PBXFileReference; lastKnownFileType = sourcecode.c.h; path = CommonCellModel.h; sourceTree = "<group>"; };
		63CEB1CB24433F4B00FB2146 /* CommonCellModel.m */ = {isa = PBXFileReference; lastKnownFileType = sourcecode.c.objc; path = CommonCellModel.m; sourceTree = "<group>"; };
		63CEB1CE24434DBF00FB2146 /* CommonCell.h */ = {isa = PBXFileReference; lastKnownFileType = sourcecode.c.h; path = CommonCell.h; sourceTree = "<group>"; };
		63CEB1CF24434DBF00FB2146 /* CommonCell.m */ = {isa = PBXFileReference; lastKnownFileType = sourcecode.c.objc; path = CommonCell.m; sourceTree = "<group>"; };
		9A36C3F608AC21002832D28D /* Pods-YiWuShuang.release.xcconfig */ = {isa = PBXFileReference; includeInIndex = 1; lastKnownFileType = text.xcconfig; name = "Pods-YiWuShuang.release.xcconfig"; path = "Target Support Files/Pods-YiWuShuang/Pods-YiWuShuang.release.xcconfig"; sourceTree = "<group>"; };
		C9771E284689BA46DE20A8FB /* Pods-YiWuShuang.debug.xcconfig */ = {isa = PBXFileReference; includeInIndex = 1; lastKnownFileType = text.xcconfig; name = "Pods-YiWuShuang.debug.xcconfig"; path = "Target Support Files/Pods-YiWuShuang/Pods-YiWuShuang.debug.xcconfig"; sourceTree = "<group>"; };
/* End PBXFileReference section */

/* Begin PBXFrameworksBuildPhase section */
		63BE22B2242BCB0E0066A316 /* Frameworks */ = {
			isa = PBXFrameworksBuildPhase;
			buildActionMask = 2147483647;
			files = (
				084906CDFC1F636C28D6635C /* Pods_YiWuShuang.framework in Frameworks */,
			);
			runOnlyForDeploymentPostprocessing = 0;
		};
		63BE22CD242BCB100066A316 /* Frameworks */ = {
			isa = PBXFrameworksBuildPhase;
			buildActionMask = 2147483647;
			files = (
			);
			runOnlyForDeploymentPostprocessing = 0;
		};
		63BE22D8242BCB110066A316 /* Frameworks */ = {
			isa = PBXFrameworksBuildPhase;
			buildActionMask = 2147483647;
			files = (
			);
			runOnlyForDeploymentPostprocessing = 0;
		};
/* End PBXFrameworksBuildPhase section */

/* Begin PBXGroup section */
		00BEC68B88E4BCABF2225667 /* Frameworks */ = {
			isa = PBXGroup;
			children = (
				35C1F7CBFA98556F05A1B3D5 /* Pods_YiWuShuang.framework */,
			);
			name = Frameworks;
			sourceTree = "<group>";
		};
		631BCBCA244C7F5800D4ABAC /* Home */ = {
			isa = PBXGroup;
			children = (
				6367A13B2454477900F20404 /* Model */,
				631BCBDA244C970200D4ABAC /* View */,
				63BE22BE242BCB0E0066A316 /* HomeViewController.h */,
				63BE22BF242BCB0E0066A316 /* HomeViewController.m */,
				6367A14924546D8600F20404 /* TeamViewController.h */,
				6367A14A24546D8600F20404 /* TeamViewController.m */,
				6367A14C24547FDF00F20404 /* AddPersonViewController.h */,
				6367A14D24547FDF00F20404 /* AddPersonViewController.m */,
			);
			path = Home;
			sourceTree = "<group>";
		};
		631BCBCB244C7F5F00D4ABAC /* Class */ = {
			isa = PBXGroup;
			children = (
				631BCBD4244C8CC100D4ABAC /* ClassViewController.h */,
				631BCBD5244C8CC100D4ABAC /* ClassViewController.m */,
			);
			path = Class;
			sourceTree = "<group>";
		};
		631BCBCC244C7F9500D4ABAC /* Mine */ = {
			isa = PBXGroup;
			children = (
				631BCBD7244C8CD100D4ABAC /* MineViewController.h */,
				631BCBD8244C8CD100D4ABAC /* MineViewController.m */,
			);
			path = Mine;
			sourceTree = "<group>";
		};
		631BCBCD244C813E00D4ABAC /* Thirdpart */ = {
			isa = PBXGroup;
			children = (
			);
			path = Thirdpart;
			sourceTree = "<group>";
		};
		631BCBDA244C970200D4ABAC /* View */ = {
			isa = PBXGroup;
			children = (
				631BCBDB244C972100D4ABAC /* HomeTopView.h */,
				631BCBDC244C972100D4ABAC /* HomeTopView.m */,
				6367A14424544FCE00F20404 /* TeamCell.h */,
				6367A14524544FCE00F20404 /* TeamCell.m */,
				6367A14624544FCE00F20404 /* TeamCell.xib */,
				631BCBE0244CA9F200D4ABAC /* PersonCellTableViewCell.h */,
				631BCBE1244CA9F200D4ABAC /* PersonCellTableViewCell.m */,
				6367A13624541F6900F20404 /* PersonHeaderView.h */,
				6367A13724541F6900F20404 /* PersonHeaderView.m */,
				6367A13924541F8400F20404 /* PersonHeaderView.xib */,
				6367A12C2454112A00F20404 /* EmptyView.h */,
				6367A12D2454112A00F20404 /* EmptyView.m */,
				6367A12F2454113A00F20404 /* EmptyView.xib */,
			);
			path = View;
			sourceTree = "<group>";
		};
		6367A13B2454477900F20404 /* Model */ = {
			isa = PBXGroup;
			children = (
				6367A13C2454478F00F20404 /* PersonModel.h */,
				6367A13D2454478F00F20404 /* PersonModel.m */,
				6367A13F2454493D00F20404 /* TeamModel.h */,
				6367A1402454493D00F20404 /* TeamModel.m */,
			);
			path = Model;
			sourceTree = "<group>";
		};
		63BE22AC242BCB0E0066A316 = {
			isa = PBXGroup;
			children = (
				63BE22B7242BCB0E0066A316 /* YiWuShuang */,
				63BE22D3242BCB100066A316 /* YiWuShuangTests */,
				63BE22DE242BCB110066A316 /* YiWuShuangUITests */,
				63BE22B6242BCB0E0066A316 /* Products */,
				E86D75D37826F835A166F868 /* Pods */,
				00BEC68B88E4BCABF2225667 /* Frameworks */,
			);
			sourceTree = "<group>";
		};
		63BE22B6242BCB0E0066A316 /* Products */ = {
			isa = PBXGroup;
			children = (
				63BE22B5242BCB0E0066A316 /* YiWuShuang.app */,
				63BE22D0242BCB100066A316 /* YiWuShuangTests.xctest */,
				63BE22DB242BCB110066A316 /* YiWuShuangUITests.xctest */,
			);
			name = Products;
			sourceTree = "<group>";
		};
		63BE22B7242BCB0E0066A316 /* YiWuShuang */ = {
			isa = PBXGroup;
			children = (
				631BCBCD244C813E00D4ABAC /* Thirdpart */,
				63CEB15D2438DD4F00FB2146 /* Common */,
				63CEB1592438D36200FB2146 /* Manager */,
				63BE22F0242CF6630066A316 /* Category */,
				63BE22ED242CF6180066A316 /* Buiness */,
				63BE22F2242CF9360066A316 /* Resource */,
				63BE22CA242BCB100066A316 /* main.m */,
				63BE22C9242BCB100066A316 /* Info.plist */,
				63BE22F1242CF68C0066A316 /* PrefixHeader.pch */,
			);
			path = YiWuShuang;
			sourceTree = "<group>";
		};
		63BE22D3242BCB100066A316 /* YiWuShuangTests */ = {
			isa = PBXGroup;
			children = (
				63BE22D4242BCB100066A316 /* YiWuShuangTests.m */,
				63BE22D6242BCB100066A316 /* Info.plist */,
			);
			path = YiWuShuangTests;
			sourceTree = "<group>";
		};
		63BE22DE242BCB110066A316 /* YiWuShuangUITests */ = {
			isa = PBXGroup;
			children = (
				63BE22DF242BCB110066A316 /* YiWuShuangUITests.m */,
				63BE22E1242BCB110066A316 /* Info.plist */,
			);
			path = YiWuShuangUITests;
			sourceTree = "<group>";
		};
		63BE22ED242CF6180066A316 /* Buiness */ = {
			isa = PBXGroup;
			children = (
				631BCBCC244C7F9500D4ABAC /* Mine */,
				631BCBCB244C7F5F00D4ABAC /* Class */,
				631BCBCA244C7F5800D4ABAC /* Home */,
				63BE22EF242CF64E0066A316 /* UserSystem */,
				63BE22EE242CF6430066A316 /* Login */,
			);
			path = Buiness;
			sourceTree = "<group>";
		};
		63BE22EE242CF6430066A316 /* Login */ = {
			isa = PBXGroup;
			children = (
				63CEB1CD24434D7D00FB2146 /* Model */,
				63CEB1C924433F3100FB2146 /* Views */,
				63BE22F6242CFB2D0066A316 /* LoginViewController.h */,
				63BE22F7242CFB2D0066A316 /* LoginViewController.m */,
				63CEB161243B7FB900FB2146 /* ChooseOrizViewController.h */,
				63CEB162243B7FB900FB2146 /* ChooseOrizViewController.m */,
				63CEB1C32443343300FB2146 /* CreateOrizViewController.h */,
				63CEB1C42443343300FB2146 /* CreateOrizViewController.m */,
				63CEB1C62443344500FB2146 /* JoinOrizViewController.h */,
				63CEB1C72443344500FB2146 /* JoinOrizViewController.m */,
				63CEB14E242D03C000FB2146 /* Login.storyboard */,
			);
			path = Login;
			sourceTree = "<group>";
		};
		63BE22EF242CF64E0066A316 /* UserSystem */ = {
			isa = PBXGroup;
			children = (
				63CEB16A243B8BA400FB2146 /* Model */,
			);
			path = UserSystem;
			sourceTree = "<group>";
		};
		63BE22F0242CF6630066A316 /* Category */ = {
			isa = PBXGroup;
			children = (
				63CEB1C024432D9C00FB2146 /* UIView+DYKIOS.h */,
				63CEB1C124432D9C00FB2146 /* UIView+DYKIOS.m */,
				63CEB19C24432D8F00FB2146 /* CALayer+Addition.h */,
				63CEB19A24432D8F00FB2146 /* CALayer+Addition.m */,
				63CEB17924432D8900FB2146 /* NSArray+Addition.h */,
				63CEB16E24432D8600FB2146 /* NSArray+Addition.m */,
				63CEB18524432D8B00FB2146 /* NSDate+CalculateDay.h */,
				63CEB19524432D8E00FB2146 /* NSDate+CalculateDay.m */,
				63CEB17124432D8700FB2146 /* NSDateFormatter+Addition.h */,
				63CEB18124432D8A00FB2146 /* NSDateFormatter+Addition.m */,
				63CEB19F24432D9000FB2146 /* NSDictionary+Addition.h */,
				63CEB16D24432D8600FB2146 /* NSDictionary+Addition.m */,
				63CEB18E24432D8D00FB2146 /* NSNumber+Addition.h */,
				63CEB18D24432D8D00FB2146 /* NSNumber+Addition.m */,
				63CEB16F24432D8600FB2146 /* NSObject+Addition.h */,
				63CEB1A324432D9000FB2146 /* NSObject+Addition.m */,
				63CEB1A024432D9000FB2146 /* NSObject+YKRuntime.h */,
				63CEB17B24432D8900FB2146 /* NSObject+YKRuntime.m */,
				63CEB17F24432D8A00FB2146 /* UIAlertView+Addition.h */,
				63CEB19724432D8E00FB2146 /* UIAlertView+Addition.m */,
				63CEB17524432D8800FB2146 /* UIColor+Addition.h */,
				63CEB18724432D8B00FB2146 /* UIColor+Addition.m */,
				63CEB19624432D8E00FB2146 /* UIScreen+Addition.h */,
				63CEB19B24432D8F00FB2146 /* UIScreen+Addition.m */,
				63CEB18B24432D8C00FB2146 /* UITabBarItem+Addition.h */,
				63CEB19D24432D8F00FB2146 /* UITabBarItem+Addition.m */,
				63CEB17C24432D8900FB2146 /* UITableViewCell+Addition.h */,
				63CEB17624432D8800FB2146 /* UITableViewCell+Addition.m */,
				63CEB18324432D8B00FB2146 /* UIViewController+Addition.h */,
				63CEB18424432D8B00FB2146 /* UIViewController+Addition.m */,
				63CEB17A24432D8900FB2146 /* wwanconnect.c */,
				63CEB18024432D8A00FB2146 /* wwanconnect.h */,
				63CEB1A224432D9000FB2146 /* YKAddition.h */,
				63CEB164243B88FE00FB2146 /* MBProgressHUD+helper.h */,
				63CEB165243B88FE00FB2146 /* MBProgressHUD+helper.m */,
			);
			path = Category;
			sourceTree = "<group>";
		};
		63BE22F2242CF9360066A316 /* Resource */ = {
			isa = PBXGroup;
			children = (
				63BE22B8242BCB0E0066A316 /* AppDelegate.h */,
				63BE22B9242BCB0E0066A316 /* AppDelegate.m */,
				63BE22C1242BCB0E0066A316 /* Main.storyboard */,
				63BE22C4242BCB100066A316 /* Assets.xcassets */,
				63BE22C6242BCB100066A316 /* LaunchScreen.storyboard */,
			);
			path = Resource;
			sourceTree = "<group>";
		};
		63CEB1592438D36200FB2146 /* Manager */ = {
			isa = PBXGroup;
			children = (
				63CEB15A2438D37500FB2146 /* ApiManager.h */,
				63CEB15B2438D37500FB2146 /* ApiManager.m */,
			);
			path = Manager;
			sourceTree = "<group>";
		};
		63CEB15D2438DD4F00FB2146 /* Common */ = {
			isa = PBXGroup;
			children = (
				63CEB15E2438DD5F00FB2146 /* BaseModel.h */,
				63CEB15F2438DD5F00FB2146 /* BaseModel.m */,
				631BCBCE244C88B700D4ABAC /* BaseNavigationController.h */,
				631BCBCF244C88B700D4ABAC /* BaseNavigationController.m */,
				631BCBD1244C8C8500D4ABAC /* BaseTabBarController.h */,
				631BCBD2244C8C8500D4ABAC /* BaseTabBarController.m */,
			);
			path = Common;
			sourceTree = "<group>";
		};
		63CEB16A243B8BA400FB2146 /* Model */ = {
			isa = PBXGroup;
			children = (
				63BE22F3242CF95F0066A316 /* User.h */,
				63BE22F4242CF95F0066A316 /* User.m */,
				63CEB167243B8B9B00FB2146 /* UserSession.h */,
				63CEB168243B8B9B00FB2146 /* UserSession.m */,
			);
			path = Model;
			sourceTree = "<group>";
		};
		63CEB1C924433F3100FB2146 /* Views */ = {
			isa = PBXGroup;
			children = (
				63CEB1CA24433F4B00FB2146 /* CommonCellModel.h */,
				63CEB1CB24433F4B00FB2146 /* CommonCellModel.m */,
				6367A126245096C200F20404 /* TeamPickView.h */,
				6367A127245096C200F20404 /* TeamPickView.m */,
			);
			path = Views;
			sourceTree = "<group>";
		};
		63CEB1CD24434D7D00FB2146 /* Model */ = {
			isa = PBXGroup;
			children = (
				63CEB1CE24434DBF00FB2146 /* CommonCell.h */,
				63CEB1CF24434DBF00FB2146 /* CommonCell.m */,
			);
			path = Model;
			sourceTree = "<group>";
		};
		E86D75D37826F835A166F868 /* Pods */ = {
			isa = PBXGroup;
			children = (
				C9771E284689BA46DE20A8FB /* Pods-YiWuShuang.debug.xcconfig */,
				9A36C3F608AC21002832D28D /* Pods-YiWuShuang.release.xcconfig */,
			);
			path = Pods;
			sourceTree = "<group>";
		};
/* End PBXGroup section */

/* Begin PBXNativeTarget section */
		63BE22B4242BCB0E0066A316 /* YiWuShuang */ = {
			isa = PBXNativeTarget;
			buildConfigurationList = 63BE22E4242BCB110066A316 /* Build configuration list for PBXNativeTarget "YiWuShuang" */;
			buildPhases = (
				681A85C25BB5ADA9EF4EC64B /* [CP] Check Pods Manifest.lock */,
				63BE22B1242BCB0E0066A316 /* Sources */,
				63BE22B2242BCB0E0066A316 /* Frameworks */,
				63BE22B3242BCB0E0066A316 /* Resources */,
				47470BC0D02DBB10E19D9197 /* [CP] Embed Pods Frameworks */,
			);
			buildRules = (
			);
			dependencies = (
			);
			name = YiWuShuang;
			productName = YiWuShuang;
			productReference = 63BE22B5242BCB0E0066A316 /* YiWuShuang.app */;
			productType = "com.apple.product-type.application";
		};
		63BE22CF242BCB100066A316 /* YiWuShuangTests */ = {
			isa = PBXNativeTarget;
			buildConfigurationList = 63BE22E7242BCB110066A316 /* Build configuration list for PBXNativeTarget "YiWuShuangTests" */;
			buildPhases = (
				63BE22CC242BCB100066A316 /* Sources */,
				63BE22CD242BCB100066A316 /* Frameworks */,
				63BE22CE242BCB100066A316 /* Resources */,
			);
			buildRules = (
			);
			dependencies = (
				63BE22D2242BCB100066A316 /* PBXTargetDependency */,
			);
			name = YiWuShuangTests;
			productName = YiWuShuangTests;
			productReference = 63BE22D0242BCB100066A316 /* YiWuShuangTests.xctest */;
			productType = "com.apple.product-type.bundle.unit-test";
		};
		63BE22DA242BCB110066A316 /* YiWuShuangUITests */ = {
			isa = PBXNativeTarget;
			buildConfigurationList = 63BE22EA242BCB110066A316 /* Build configuration list for PBXNativeTarget "YiWuShuangUITests" */;
			buildPhases = (
				63BE22D7242BCB110066A316 /* Sources */,
				63BE22D8242BCB110066A316 /* Frameworks */,
				63BE22D9242BCB110066A316 /* Resources */,
			);
			buildRules = (
			);
			dependencies = (
				63BE22DD242BCB110066A316 /* PBXTargetDependency */,
			);
			name = YiWuShuangUITests;
			productName = YiWuShuangUITests;
			productReference = 63BE22DB242BCB110066A316 /* YiWuShuangUITests.xctest */;
			productType = "com.apple.product-type.bundle.ui-testing";
		};
/* End PBXNativeTarget section */

/* Begin PBXProject section */
		63BE22AD242BCB0E0066A316 /* Project object */ = {
			isa = PBXProject;
			attributes = {
				LastUpgradeCheck = 1140;
				ORGANIZATIONNAME = huang;
				TargetAttributes = {
					63BE22B4242BCB0E0066A316 = {
						CreatedOnToolsVersion = 11.4;
					};
					63BE22CF242BCB100066A316 = {
						CreatedOnToolsVersion = 11.4;
						TestTargetID = 63BE22B4242BCB0E0066A316;
					};
					63BE22DA242BCB110066A316 = {
						CreatedOnToolsVersion = 11.4;
						TestTargetID = 63BE22B4242BCB0E0066A316;
					};
				};
			};
			buildConfigurationList = 63BE22B0242BCB0E0066A316 /* Build configuration list for PBXProject "YiWuShuang" */;
			compatibilityVersion = "Xcode 9.3";
			developmentRegion = en;
			hasScannedForEncodings = 0;
			knownRegions = (
				en,
				Base,
			);
			mainGroup = 63BE22AC242BCB0E0066A316;
			productRefGroup = 63BE22B6242BCB0E0066A316 /* Products */;
			projectDirPath = "";
			projectRoot = "";
			targets = (
				63BE22B4242BCB0E0066A316 /* YiWuShuang */,
				63BE22CF242BCB100066A316 /* YiWuShuangTests */,
				63BE22DA242BCB110066A316 /* YiWuShuangUITests */,
			);
		};
/* End PBXProject section */

/* Begin PBXResourcesBuildPhase section */
		63BE22B3242BCB0E0066A316 /* Resources */ = {
			isa = PBXResourcesBuildPhase;
			buildActionMask = 2147483647;
			files = (
				63CEB14F242D03C000FB2146 /* Login.storyboard in Resources */,
				63BE22C8242BCB100066A316 /* LaunchScreen.storyboard in Resources */,
				6367A13A24541F8400F20404 /* PersonHeaderView.xib in Resources */,
				63BE22C5242BCB100066A316 /* Assets.xcassets in Resources */,
				6367A14824544FCE00F20404 /* TeamCell.xib in Resources */,
				63BE22C3242BCB0E0066A316 /* Main.storyboard in Resources */,
				6367A1302454113A00F20404 /* EmptyView.xib in Resources */,
			);
			runOnlyForDeploymentPostprocessing = 0;
		};
		63BE22CE242BCB100066A316 /* Resources */ = {
			isa = PBXResourcesBuildPhase;
			buildActionMask = 2147483647;
			files = (
			);
			runOnlyForDeploymentPostprocessing = 0;
		};
		63BE22D9242BCB110066A316 /* Resources */ = {
			isa = PBXResourcesBuildPhase;
			buildActionMask = 2147483647;
			files = (
			);
			runOnlyForDeploymentPostprocessing = 0;
		};
/* End PBXResourcesBuildPhase section */

/* Begin PBXShellScriptBuildPhase section */
		47470BC0D02DBB10E19D9197 /* [CP] Embed Pods Frameworks */ = {
			isa = PBXShellScriptBuildPhase;
			buildActionMask = 2147483647;
			files = (
			);
			inputFileListPaths = (
				"${PODS_ROOT}/Target Support Files/Pods-YiWuShuang/Pods-YiWuShuang-frameworks-${CONFIGURATION}-input-files.xcfilelist",
			);
			name = "[CP] Embed Pods Frameworks";
			outputFileListPaths = (
				"${PODS_ROOT}/Target Support Files/Pods-YiWuShuang/Pods-YiWuShuang-frameworks-${CONFIGURATION}-output-files.xcfilelist",
			);
			runOnlyForDeploymentPostprocessing = 0;
			shellPath = /bin/sh;
			shellScript = "\"${PODS_ROOT}/Target Support Files/Pods-YiWuShuang/Pods-YiWuShuang-frameworks.sh\"\n";
			showEnvVarsInLog = 0;
		};
		681A85C25BB5ADA9EF4EC64B /* [CP] Check Pods Manifest.lock */ = {
			isa = PBXShellScriptBuildPhase;
			buildActionMask = 2147483647;
			files = (
			);
			inputFileListPaths = (
			);
			inputPaths = (
				"${PODS_PODFILE_DIR_PATH}/Podfile.lock",
				"${PODS_ROOT}/Manifest.lock",
			);
			name = "[CP] Check Pods Manifest.lock";
			outputFileListPaths = (
			);
			outputPaths = (
				"$(DERIVED_FILE_DIR)/Pods-YiWuShuang-checkManifestLockResult.txt",
			);
			runOnlyForDeploymentPostprocessing = 0;
			shellPath = /bin/sh;
			shellScript = "diff \"${PODS_PODFILE_DIR_PATH}/Podfile.lock\" \"${PODS_ROOT}/Manifest.lock\" > /dev/null\nif [ $? != 0 ] ; then\n    # print error to STDERR\n    echo \"error: The sandbox is not in sync with the Podfile.lock. Run 'pod install' or update your CocoaPods installation.\" >&2\n    exit 1\nfi\n# This output is used by Xcode 'outputs' to avoid re-running this script phase.\necho \"SUCCESS\" > \"${SCRIPT_OUTPUT_FILE_0}\"\n";
			showEnvVarsInLog = 0;
		};
/* End PBXShellScriptBuildPhase section */

/* Begin PBXSourcesBuildPhase section */
		63BE22B1242BCB0E0066A316 /* Sources */ = {
			isa = PBXSourcesBuildPhase;
			buildActionMask = 2147483647;
			files = (
				6367A13E2454478F00F20404 /* PersonModel.m in Sources */,
				631BCBD0244C88B700D4ABAC /* BaseNavigationController.m in Sources */,
				63BE22F5242CF95F0066A316 /* User.m in Sources */,
				63CEB1BA24432D9000FB2146 /* CALayer+Addition.m in Sources */,
				63CEB1BF24432D9000FB2146 /* NSObject+Addition.m in Sources */,
				63CEB163243B7FB900FB2146 /* ChooseOrizViewController.m in Sources */,
				63CEB15C2438D37500FB2146 /* ApiManager.m in Sources */,
				6367A13824541F6900F20404 /* PersonHeaderView.m in Sources */,
				6367A14724544FCE00F20404 /* TeamCell.m in Sources */,
				63BE22C0242BCB0E0066A316 /* HomeViewController.m in Sources */,
				63CEB1BC24432D9000FB2146 /* UITabBarItem+Addition.m in Sources */,
				63CEB1B224432D9000FB2146 /* NSNumber+Addition.m in Sources */,
				63CEB166243B88FE00FB2146 /* MBProgressHUD+helper.m in Sources */,
				631BCBDD244C972100D4ABAC /* HomeTopView.m in Sources */,
				63CEB1AA24432D9000FB2146 /* wwanconnect.c in Sources */,
				6367A12E2454112A00F20404 /* EmptyView.m in Sources */,
				63BE22BA242BCB0E0066A316 /* AppDelegate.m in Sources */,
				63BE22CB242BCB100066A316 /* main.m in Sources */,
				63CEB1C52443343300FB2146 /* CreateOrizViewController.m in Sources */,
				63CEB1A424432D9000FB2146 /* NSDictionary+Addition.m in Sources */,
				63CEB1A524432D9000FB2146 /* NSArray+Addition.m in Sources */,
				63CEB1AC24432D9000FB2146 /* NSDateFormatter+Addition.m in Sources */,
				63CEB1602438DD5F00FB2146 /* BaseModel.m in Sources */,
				6367A1412454493D00F20404 /* TeamModel.m in Sources */,
				63BE22F8242CFB2D0066A316 /* LoginViewController.m in Sources */,
				63CEB1B824432D9000FB2146 /* UIAlertView+Addition.m in Sources */,
				6367A128245096C200F20404 /* TeamPickView.m in Sources */,
				63CEB1CC24433F4B00FB2146 /* CommonCellModel.m in Sources */,
				63CEB1A824432D9000FB2146 /* UITableViewCell+Addition.m in Sources */,
				63CEB1AE24432D9000FB2146 /* UIViewController+Addition.m in Sources */,
				631BCBD6244C8CC100D4ABAC /* ClassViewController.m in Sources */,
				63CEB169243B8B9B00FB2146 /* UserSession.m in Sources */,
				6367A14B24546D8600F20404 /* TeamViewController.m in Sources */,
				63CEB1C82443344500FB2146 /* JoinOrizViewController.m in Sources */,
				63CEB1AF24432D9000FB2146 /* UIColor+Addition.m in Sources */,
				63CEB1AB24432D9000FB2146 /* NSObject+YKRuntime.m in Sources */,
				63CEB1BB24432D9000FB2146 /* UIScreen+Addition.m in Sources */,
				631BCBD9244C8CD100D4ABAC /* MineViewController.m in Sources */,
				631BCBD3244C8C8500D4ABAC /* BaseTabBarController.m in Sources */,
				6367A14E24547FDF00F20404 /* AddPersonViewController.m in Sources */,
				63CEB1C224432D9C00FB2146 /* UIView+DYKIOS.m in Sources */,
				63CEB1D024434DBF00FB2146 /* CommonCell.m in Sources */,
				631BCBE2244CA9F200D4ABAC /* PersonCellTableViewCell.m in Sources */,
				63CEB1B724432D9000FB2146 /* NSDate+CalculateDay.m in Sources */,
			);
			runOnlyForDeploymentPostprocessing = 0;
		};
		63BE22CC242BCB100066A316 /* Sources */ = {
			isa = PBXSourcesBuildPhase;
			buildActionMask = 2147483647;
			files = (
				63BE22D5242BCB100066A316 /* YiWuShuangTests.m in Sources */,
			);
			runOnlyForDeploymentPostprocessing = 0;
		};
		63BE22D7242BCB110066A316 /* Sources */ = {
			isa = PBXSourcesBuildPhase;
			buildActionMask = 2147483647;
			files = (
				63BE22E0242BCB110066A316 /* YiWuShuangUITests.m in Sources */,
			);
			runOnlyForDeploymentPostprocessing = 0;
		};
/* End PBXSourcesBuildPhase section */

/* Begin PBXTargetDependency section */
		63BE22D2242BCB100066A316 /* PBXTargetDependency */ = {
			isa = PBXTargetDependency;
			target = 63BE22B4242BCB0E0066A316 /* YiWuShuang */;
			targetProxy = 63BE22D1242BCB100066A316 /* PBXContainerItemProxy */;
		};
		63BE22DD242BCB110066A316 /* PBXTargetDependency */ = {
			isa = PBXTargetDependency;
			target = 63BE22B4242BCB0E0066A316 /* YiWuShuang */;
			targetProxy = 63BE22DC242BCB110066A316 /* PBXContainerItemProxy */;
		};
/* End PBXTargetDependency section */

/* Begin PBXVariantGroup section */
		63BE22C1242BCB0E0066A316 /* Main.storyboard */ = {
			isa = PBXVariantGroup;
			children = (
				63BE22C2242BCB0E0066A316 /* Base */,
			);
			name = Main.storyboard;
			sourceTree = "<group>";
		};
		63BE22C6242BCB100066A316 /* LaunchScreen.storyboard */ = {
			isa = PBXVariantGroup;
			children = (
				63BE22C7242BCB100066A316 /* Base */,
			);
			name = LaunchScreen.storyboard;
			sourceTree = "<group>";
		};
/* End PBXVariantGroup section */

/* Begin XCBuildConfiguration section */
		63BE22E2242BCB110066A316 /* Debug */ = {
			isa = XCBuildConfiguration;
			buildSettings = {
				ALWAYS_SEARCH_USER_PATHS = NO;
				CLANG_ANALYZER_NONNULL = YES;
				CLANG_ANALYZER_NUMBER_OBJECT_CONVERSION = YES_AGGRESSIVE;
				CLANG_CXX_LANGUAGE_STANDARD = "gnu++14";
				CLANG_CXX_LIBRARY = "libc++";
				CLANG_ENABLE_MODULES = YES;
				CLANG_ENABLE_OBJC_ARC = YES;
				CLANG_ENABLE_OBJC_WEAK = YES;
				CLANG_WARN_BLOCK_CAPTURE_AUTORELEASING = YES;
				CLANG_WARN_BOOL_CONVERSION = YES;
				CLANG_WARN_COMMA = YES;
				CLANG_WARN_CONSTANT_CONVERSION = YES;
				CLANG_WARN_DEPRECATED_OBJC_IMPLEMENTATIONS = YES;
				CLANG_WARN_DIRECT_OBJC_ISA_USAGE = YES_ERROR;
				CLANG_WARN_DOCUMENTATION_COMMENTS = YES;
				CLANG_WARN_EMPTY_BODY = YES;
				CLANG_WARN_ENUM_CONVERSION = YES;
				CLANG_WARN_INFINITE_RECURSION = YES;
				CLANG_WARN_INT_CONVERSION = YES;
				CLANG_WARN_NON_LITERAL_NULL_CONVERSION = YES;
				CLANG_WARN_OBJC_IMPLICIT_RETAIN_SELF = YES;
				CLANG_WARN_OBJC_LITERAL_CONVERSION = YES;
				CLANG_WARN_OBJC_ROOT_CLASS = YES_ERROR;
				CLANG_WARN_RANGE_LOOP_ANALYSIS = YES;
				CLANG_WARN_STRICT_PROTOTYPES = YES;
				CLANG_WARN_SUSPICIOUS_MOVE = YES;
				CLANG_WARN_UNGUARDED_AVAILABILITY = YES_AGGRESSIVE;
				CLANG_WARN_UNREACHABLE_CODE = YES;
				CLANG_WARN__DUPLICATE_METHOD_MATCH = YES;
				COPY_PHASE_STRIP = NO;
				DEBUG_INFORMATION_FORMAT = dwarf;
				ENABLE_STRICT_OBJC_MSGSEND = YES;
				ENABLE_TESTABILITY = YES;
				GCC_C_LANGUAGE_STANDARD = gnu11;
				GCC_DYNAMIC_NO_PIC = NO;
				GCC_NO_COMMON_BLOCKS = YES;
				GCC_OPTIMIZATION_LEVEL = 0;
				GCC_PREPROCESSOR_DEFINITIONS = (
					"DEBUG=1",
					"$(inherited)",
				);
				GCC_WARN_64_TO_32_BIT_CONVERSION = YES;
				GCC_WARN_ABOUT_RETURN_TYPE = YES_ERROR;
				GCC_WARN_UNDECLARED_SELECTOR = YES;
				GCC_WARN_UNINITIALIZED_AUTOS = YES_AGGRESSIVE;
				GCC_WARN_UNUSED_FUNCTION = YES;
				GCC_WARN_UNUSED_VARIABLE = YES;
				IPHONEOS_DEPLOYMENT_TARGET = 13.4;
				MTL_ENABLE_DEBUG_INFO = INCLUDE_SOURCE;
				MTL_FAST_MATH = YES;
				ONLY_ACTIVE_ARCH = YES;
				SDKROOT = iphoneos;
			};
			name = Debug;
		};
		63BE22E3242BCB110066A316 /* Release */ = {
			isa = XCBuildConfiguration;
			buildSettings = {
				ALWAYS_SEARCH_USER_PATHS = NO;
				CLANG_ANALYZER_NONNULL = YES;
				CLANG_ANALYZER_NUMBER_OBJECT_CONVERSION = YES_AGGRESSIVE;
				CLANG_CXX_LANGUAGE_STANDARD = "gnu++14";
				CLANG_CXX_LIBRARY = "libc++";
				CLANG_ENABLE_MODULES = YES;
				CLANG_ENABLE_OBJC_ARC = YES;
				CLANG_ENABLE_OBJC_WEAK = YES;
				CLANG_WARN_BLOCK_CAPTURE_AUTORELEASING = YES;
				CLANG_WARN_BOOL_CONVERSION = YES;
				CLANG_WARN_COMMA = YES;
				CLANG_WARN_CONSTANT_CONVERSION = YES;
				CLANG_WARN_DEPRECATED_OBJC_IMPLEMENTATIONS = YES;
				CLANG_WARN_DIRECT_OBJC_ISA_USAGE = YES_ERROR;
				CLANG_WARN_DOCUMENTATION_COMMENTS = YES;
				CLANG_WARN_EMPTY_BODY = YES;
				CLANG_WARN_ENUM_CONVERSION = YES;
				CLANG_WARN_INFINITE_RECURSION = YES;
				CLANG_WARN_INT_CONVERSION = YES;
				CLANG_WARN_NON_LITERAL_NULL_CONVERSION = YES;
				CLANG_WARN_OBJC_IMPLICIT_RETAIN_SELF = YES;
				CLANG_WARN_OBJC_LITERAL_CONVERSION = YES;
				CLANG_WARN_OBJC_ROOT_CLASS = YES_ERROR;
				CLANG_WARN_RANGE_LOOP_ANALYSIS = YES;
				CLANG_WARN_STRICT_PROTOTYPES = YES;
				CLANG_WARN_SUSPICIOUS_MOVE = YES;
				CLANG_WARN_UNGUARDED_AVAILABILITY = YES_AGGRESSIVE;
				CLANG_WARN_UNREACHABLE_CODE = YES;
				CLANG_WARN__DUPLICATE_METHOD_MATCH = YES;
				COPY_PHASE_STRIP = NO;
				DEBUG_INFORMATION_FORMAT = "dwarf-with-dsym";
				ENABLE_NS_ASSERTIONS = NO;
				ENABLE_STRICT_OBJC_MSGSEND = YES;
				GCC_C_LANGUAGE_STANDARD = gnu11;
				GCC_NO_COMMON_BLOCKS = YES;
				GCC_WARN_64_TO_32_BIT_CONVERSION = YES;
				GCC_WARN_ABOUT_RETURN_TYPE = YES_ERROR;
				GCC_WARN_UNDECLARED_SELECTOR = YES;
				GCC_WARN_UNINITIALIZED_AUTOS = YES_AGGRESSIVE;
				GCC_WARN_UNUSED_FUNCTION = YES;
				GCC_WARN_UNUSED_VARIABLE = YES;
				IPHONEOS_DEPLOYMENT_TARGET = 13.4;
				MTL_ENABLE_DEBUG_INFO = NO;
				MTL_FAST_MATH = YES;
				SDKROOT = iphoneos;
				VALIDATE_PRODUCT = YES;
			};
			name = Release;
		};
		63BE22E5242BCB110066A316 /* Debug */ = {
			isa = XCBuildConfiguration;
			baseConfigurationReference = C9771E284689BA46DE20A8FB /* Pods-YiWuShuang.debug.xcconfig */;
			buildSettings = {
				ASSETCATALOG_COMPILER_APPICON_NAME = AppIcon;
				CODE_SIGN_STYLE = Automatic;
				DEVELOPMENT_TEAM = HE3M4LJKL5;
				INFOPLIST_FILE = YiWuShuang/Info.plist;
				LD_RUNPATH_SEARCH_PATHS = (
					"$(inherited)",
					"@executable_path/Frameworks",
				);
				PRODUCT_BUNDLE_IDENTIFIER = shaohua.YiWuShuang;
				PRODUCT_NAME = "$(TARGET_NAME)";
				TARGETED_DEVICE_FAMILY = 1;
			};
			name = Debug;
		};
		63BE22E6242BCB110066A316 /* Release */ = {
			isa = XCBuildConfiguration;
			baseConfigurationReference = 9A36C3F608AC21002832D28D /* Pods-YiWuShuang.release.xcconfig */;
			buildSettings = {
				ASSETCATALOG_COMPILER_APPICON_NAME = AppIcon;
				CODE_SIGN_STYLE = Automatic;
				DEVELOPMENT_TEAM = HE3M4LJKL5;
				INFOPLIST_FILE = YiWuShuang/Info.plist;
				LD_RUNPATH_SEARCH_PATHS = (
					"$(inherited)",
					"@executable_path/Frameworks",
				);
				PRODUCT_BUNDLE_IDENTIFIER = shaohua.YiWuShuang;
				PRODUCT_NAME = "$(TARGET_NAME)";
				TARGETED_DEVICE_FAMILY = 1;
			};
			name = Release;
		};
		63BE22E8242BCB110066A316 /* Debug */ = {
			isa = XCBuildConfiguration;
			buildSettings = {
				BUNDLE_LOADER = "$(TEST_HOST)";
				CODE_SIGN_STYLE = Automatic;
				DEVELOPMENT_TEAM = HE3M4LJKL5;
				INFOPLIST_FILE = YiWuShuangTests/Info.plist;
				IPHONEOS_DEPLOYMENT_TARGET = 13.4;
				LD_RUNPATH_SEARCH_PATHS = (
					"$(inherited)",
					"@executable_path/Frameworks",
					"@loader_path/Frameworks",
				);
				PRODUCT_BUNDLE_IDENTIFIER = shaohua.YiWuShuangTests;
				PRODUCT_NAME = "$(TARGET_NAME)";
				TARGETED_DEVICE_FAMILY = "1,2";
				TEST_HOST = "$(BUILT_PRODUCTS_DIR)/YiWuShuang.app/YiWuShuang";
			};
			name = Debug;
		};
		63BE22E9242BCB110066A316 /* Release */ = {
			isa = XCBuildConfiguration;
			buildSettings = {
				BUNDLE_LOADER = "$(TEST_HOST)";
				CODE_SIGN_STYLE = Automatic;
				DEVELOPMENT_TEAM = HE3M4LJKL5;
				INFOPLIST_FILE = YiWuShuangTests/Info.plist;
				IPHONEOS_DEPLOYMENT_TARGET = 13.4;
				LD_RUNPATH_SEARCH_PATHS = (
					"$(inherited)",
					"@executable_path/Frameworks",
					"@loader_path/Frameworks",
				);
				PRODUCT_BUNDLE_IDENTIFIER = shaohua.YiWuShuangTests;
				PRODUCT_NAME = "$(TARGET_NAME)";
				TARGETED_DEVICE_FAMILY = "1,2";
				TEST_HOST = "$(BUILT_PRODUCTS_DIR)/YiWuShuang.app/YiWuShuang";
			};
			name = Release;
		};
		63BE22EB242BCB110066A316 /* Debug */ = {
			isa = XCBuildConfiguration;
			buildSettings = {
				CODE_SIGN_STYLE = Automatic;
				DEVELOPMENT_TEAM = HE3M4LJKL5;
				INFOPLIST_FILE = YiWuShuangUITests/Info.plist;
				LD_RUNPATH_SEARCH_PATHS = (
					"$(inherited)",
					"@executable_path/Frameworks",
					"@loader_path/Frameworks",
				);
				PRODUCT_BUNDLE_IDENTIFIER = shaohua.YiWuShuangUITests;
				PRODUCT_NAME = "$(TARGET_NAME)";
				TARGETED_DEVICE_FAMILY = "1,2";
				TEST_TARGET_NAME = YiWuShuang;
			};
			name = Debug;
		};
		63BE22EC242BCB110066A316 /* Release */ = {
			isa = XCBuildConfiguration;
			buildSettings = {
				CODE_SIGN_STYLE = Automatic;
				DEVELOPMENT_TEAM = HE3M4LJKL5;
				INFOPLIST_FILE = YiWuShuangUITests/Info.plist;
				LD_RUNPATH_SEARCH_PATHS = (
					"$(inherited)",
					"@executable_path/Frameworks",
					"@loader_path/Frameworks",
				);
				PRODUCT_BUNDLE_IDENTIFIER = shaohua.YiWuShuangUITests;
				PRODUCT_NAME = "$(TARGET_NAME)";
				TARGETED_DEVICE_FAMILY = "1,2";
				TEST_TARGET_NAME = YiWuShuang;
			};
			name = Release;
		};
/* End XCBuildConfiguration section */

/* Begin XCConfigurationList section */
		63BE22B0242BCB0E0066A316 /* Build configuration list for PBXProject "YiWuShuang" */ = {
			isa = XCConfigurationList;
			buildConfigurations = (
				63BE22E2242BCB110066A316 /* Debug */,
				63BE22E3242BCB110066A316 /* Release */,
			);
			defaultConfigurationIsVisible = 0;
			defaultConfigurationName = Release;
		};
		63BE22E4242BCB110066A316 /* Build configuration list for PBXNativeTarget "YiWuShuang" */ = {
			isa = XCConfigurationList;
			buildConfigurations = (
				63BE22E5242BCB110066A316 /* Debug */,
				63BE22E6242BCB110066A316 /* Release */,
			);
			defaultConfigurationIsVisible = 0;
			defaultConfigurationName = Release;
		};
		63BE22E7242BCB110066A316 /* Build configuration list for PBXNativeTarget "YiWuShuangTests" */ = {
			isa = XCConfigurationList;
			buildConfigurations = (
				63BE22E8242BCB110066A316 /* Debug */,
				63BE22E9242BCB110066A316 /* Release */,
			);
			defaultConfigurationIsVisible = 0;
			defaultConfigurationName = Release;
		};
		63BE22EA242BCB110066A316 /* Build configuration list for PBXNativeTarget "YiWuShuangUITests" */ = {
			isa = XCConfigurationList;
			buildConfigurations = (
				63BE22EB242BCB110066A316 /* Debug */,
				63BE22EC242BCB110066A316 /* Release */,
			);
			defaultConfigurationIsVisible = 0;
			defaultConfigurationName = Release;
		};
/* End XCConfigurationList section */
	};
	rootObject = 63BE22AD242BCB0E0066A316 /* Project object */;
}
